
Microsoft Visual Studio Solution File, Format Version 12.00
# Visual Studio Version 17
VisualStudioVersion = 17.4.33213.308
MinimumVisualStudioVersion = 10.0.40219.1
Project("{FAE04EC0-301F-11D3-BF4B-00C04F79EFBC}") = "OFProxy", "OFProxy\OFProxy.csproj", "{F832BA53-2046-4F34-91A9-041597BA64E8}"
EndProject
Project("{FAE04EC0-301F-11D3-BF4B-00C04F79EFBC}") = "OFConsole", "OFConsole\OFConsole.csproj", "{8692C4CF-E925-4445-8002-436AA54E8C45}"
EndProject
Global
	GlobalSection(SolutionConfigurationPlatforms) = preSolution
		Debug|Any CPU = Debug|Any CPU
		Release|Any CPU = Release|Any CPU
	EndGlobalSection
	GlobalSection(ProjectConfigurationPlatforms) = postSolution
		{F832BA53-2046-4F34-91A9-041597BA64E8}.Debug|Any CPU.ActiveCfg = Debug|Any CPU
		{F832BA53-2046-4F34-91A9-041597BA64E8}.Debug|Any CPU.Build.0 = Debug|Any CPU
		{F832BA53-2046-4F34-91A9-041597BA64E8}.Release|Any CPU.ActiveCfg = Release|Any CPU
		{F832BA53-2046-4F34-91A9-041597BA64E8}.Release|Any CPU.Build.0 = Release|Any CPU
		{8692C4CF-E925-4445-8002-436AA54E8C45}.Debug|Any CPU.ActiveCfg = Debug|Any CPU
		{8692C4CF-E925-4445-8002-436AA54E8C45}.Debug|Any CPU.Build.0 = Debug|Any CPU
		{8692C4CF-E925-4445-8002-436AA54E8C45}.Release|Any CPU.ActiveCfg = Release|Any CPU
		{8692C4CF-E925-4445-8002-436AA54E8C45}.Release|Any CPU.Build.0 = Release|Any CPU
	EndGlobalSection
	GlobalSection(SolutionProperties) = preSolution
		HideSolutionNode = FALSE
	EndGlobalSection
	GlobalSection(ExtensibilityGlobals) = postSolution
		SolutionGuid = {D1F54425-8FD8-4098-AE95-B01DF60E097A}
	EndGlobalSection
EndGlobal
